
Microsoft Visual Studio Solution File, Format Version 12.00
# Visual Studio Version 17
VisualStudioVersion = 17.1.32407.343
MinimumVisualStudioVersion = 10.0.40219.1
Project("{FAE04EC0-301F-11D3-BF4B-00C04F79EFBC}") = "task1", "task1\task1.csproj", "{A7C01052-78C9-446D-8758-FC03BBBAEEB7}"
EndProject
Project("{FAE04EC0-301F-11D3-BF4B-00C04F79EFBC}") = "task2", "task2\task2.csproj", "{3CD641AD-BDFD-4EE1-A645-EDB07463CC0F}"
EndProject
Project("{FAE04EC0-301F-11D3-BF4B-00C04F79EFBC}") = "ClassLibraryLab2", "ClassLibraryLab2\ClassLibraryLab2.csproj", "{06902AE7-6DF7-40C6-896B-78807D2BB2CE}"
EndProject
Global
	GlobalSection(SolutionConfigurationPlatforms) = preSolution
		Debug|Any CPU = Debug|Any CPU
		Release|Any CPU = Release|Any CPU
	EndGlobalSection
	GlobalSection(ProjectConfigurationPlatforms) = postSolution
		{A7C01052-78C9-446D-8758-FC03BBBAEEB7}.Debug|Any CPU.ActiveCfg = Debug|Any CPU
		{A7C01052-78C9-446D-8758-FC03BBBAEEB7}.Debug|Any CPU.Build.0 = Debug|Any CPU
		{A7C01052-78C9-446D-8758-FC03BBBAEEB7}.Release|Any CPU.ActiveCfg = Release|Any CPU
		{A7C01052-78C9-446D-8758-FC03BBBAEEB7}.Release|Any CPU.Build.0 = Release|Any CPU
		{3CD641AD-BDFD-4EE1-A645-EDB07463CC0F}.Debug|Any CPU.ActiveCfg = Debug|Any CPU
		{3CD641AD-BDFD-4EE1-A645-EDB07463CC0F}.Debug|Any CPU.Build.0 = Debug|Any CPU
		{3CD641AD-BDFD-4EE1-A645-EDB07463CC0F}.Release|Any CPU.ActiveCfg = Release|Any CPU
		{3CD641AD-BDFD-4EE1-A645-EDB07463CC0F}.Release|Any CPU.Build.0 = Release|Any CPU
		{06902AE7-6DF7-40C6-896B-78807D2BB2CE}.Debug|Any CPU.ActiveCfg = Debug|Any CPU
		{06902AE7-6DF7-40C6-896B-78807D2BB2CE}.Debug|Any CPU.Build.0 = Debug|Any CPU
		{06902AE7-6DF7-40C6-896B-78807D2BB2CE}.Release|Any CPU.ActiveCfg = Release|Any CPU
		{06902AE7-6DF7-40C6-896B-78807D2BB2CE}.Release|Any CPU.Build.0 = Release|Any CPU
	EndGlobalSection
	GlobalSection(SolutionProperties) = preSolution
		HideSolutionNode = FALSE
	EndGlobalSection
	GlobalSection(ExtensibilityGlobals) = postSolution
		SolutionGuid = {C1FF0754-9790-4DC7-9126-E18CC7BE7BC0}
	EndGlobalSection
EndGlobal
